// !$*UTF8*$!
{
	archiveVersion = 1;
	classes = {
	};
	objectVersion = 46;
	objects = {

/* Begin PBXBuildFile section */
		6E5910EC1FE92CB100D3A9FF /* AppDelegate.swift in Sources */ = {isa = PBXBuildFile; fileRef = 6E5910EB1FE92CB100D3A9FF /* AppDelegate.swift */; };
		6E5910EE1FE92CB100D3A9FF /* ViewController.swift in Sources */ = {isa = PBXBuildFile; fileRef = 6E5910ED1FE92CB100D3A9FF /* ViewController.swift */; };
		6E5910F11FE92CB100D3A9FF /* Main.storyboard in Resources */ = {isa = PBXBuildFile; fileRef = 6E5910EF1FE92CB100D3A9FF /* Main.storyboard */; };
		6E5910F31FE92CB100D3A9FF /* Assets.xcassets in Resources */ = {isa = PBXBuildFile; fileRef = 6E5910F21FE92CB100D3A9FF /* Assets.xcassets */; };
		6E5910F61FE92CB100D3A9FF /* LaunchScreen.storyboard in Resources */ = {isa = PBXBuildFile; fileRef = 6E5910F41FE92CB100D3A9FF /* LaunchScreen.storyboard */; };
		6E5910FE1FE92E1500D3A9FF /* Person.swift in Sources */ = {isa = PBXBuildFile; fileRef = 6E5910FD1FE92E1500D3A9FF /* Person.swift */; };
/* End PBXBuildFile section */

/* Begin PBXFileReference section */
		6E5910E81FE92CB100D3A9FF /* swift02-构造函数.app */ = {isa = PBXFileReference; explicitFileType = wrapper.application; includeInIndex = 0; path = "swift02-构造函数.app"; sourceTree = BUILT_PRODUCTS_DIR; };
		6E5910EB1FE92CB100D3A9FF /* AppDelegate.swift */ = {isa = PBXFileReference; lastKnownFileType = sourcecode.swift; path = AppDelegate.swift; sourceTree = "<group>"; };
		6E5910ED1FE92CB100D3A9FF /* ViewController.swift */ = {isa = PBXFileReference; lastKnownFileType = sourcecode.swift; path = ViewController.swift; sourceTree = "<group>"; };
		6E5910F01FE92CB100D3A9FF /* Base */ = {isa = PBXFileReference; lastKnownFileType = file.storyboard; name = Base; path = Base.lproj/Main.storyboard; sourceTree = "<group>"; };
		6E5910F21FE92CB100D3A9FF /* Assets.xcassets */ = {isa = PBXFileReference; lastKnownFileType = folder.assetcatalog; path = Assets.xcassets; sourceTree = "<group>"; };
		6E5910F51FE92CB100D3A9FF /* Base */ = {isa = PBXFileReference; lastKnownFileType = file.storyboard; name = Base; path = Base.lproj/LaunchScreen.storyboard; sourceTree = "<group>"; };
		6E5910F71FE92CB100D3A9FF /* Info.plist */ = {isa = PBXFileReference; lastKnownFileType = text.plist.xml; path = Info.plist; sourceTree = "<group>"; };
		6E5910FD1FE92E1500D3A9FF /* Person.swift */ = {isa = PBXFileReference; fileEncoding = 4; lastKnownFileType = sourcecode.swift; path = Person.swift; sourceTree = "<group>"; };
/* End PBXFileReference section */

/* Begin PBXFrameworksBuildPhase section */
		6E5910E51FE92CB100D3A9FF /* Frameworks */ = {
			isa = PBXFrameworksBuildPhase;
			buildActionMask = 2147483647;
			files = (
			);
			runOnlyForDeploymentPostprocessing = 0;
		};
/* End PBXFrameworksBuildPhase section */

/* Begin PBXGroup section */
		6E5910DF1FE92CB100D3A9FF = {
			isa = PBXGroup;
			children = (
				6E5910EA1FE92CB100D3A9FF /* swift02-构造函数 */,
				6E5910E91FE92CB100D3A9FF /* Products */,
			);
			sourceTree = "<group>";
		};
		6E5910E91FE92CB100D3A9FF /* Products */ = {
			isa = PBXGroup;
			children = (
				6E5910E81FE92CB100D3A9FF /* swift02-构造函数.app */,
			);
			name = Products;
			sourceTree = "<group>";
		};
		6E5910EA1FE92CB100D3A9FF /* swift02-构造函数 */ = {
			isa = PBXGroup;
			children = (
				6E5910EB1FE92CB100D3A9FF /* AppDelegate.swift */,
				6E5910ED1FE92CB100D3A9FF /* ViewController.swift */,
				6E5910FD1FE92E1500D3A9FF /* Person.swift */,
				6E5910EF1FE92CB100D3A9FF /* Main.storyboard */,
				6E5910F21FE92CB100D3A9FF /* Assets.xcassets */,
				6E5910F41FE92CB100D3A9FF /* LaunchScreen.storyboard */,
				6E5910F71FE92CB100D3A9FF /* Info.plist */,
			);
			path = "swift02-构造函数";
			sourceTree = "<group>";
		};
/* End PBXGroup section */

/* Begin PBXNativeTarget section */
		6E5910E71FE92CB100D3A9FF /* swift02-构造函数 */ = {
			isa = PBXNativeTarget;
			buildConfigurationList = 6E5910FA1FE92CB100D3A9FF /* Build configuration list for PBXNativeTarget "swift02-构造函数" */;
			buildPhases = (
				6E5910E41FE92CB100D3A9FF /* Sources */,
				6E5910E51FE92CB100D3A9FF /* Frameworks */,
				6E5910E61FE92CB100D3A9FF /* Resources */,
			);
			buildRules = (
			);
			dependencies = (
			);
			name = "swift02-构造函数";
			productName = "swift02-构造函数";
			productReference = 6E5910E81FE92CB100D3A9FF /* swift02-构造函数.app */;
			productType = "com.apple.product-type.application";
		};
/* End PBXNativeTarget section */

/* Begin PBXProject section */
		6E5910E01FE92CB100D3A9FF /* Project object */ = {
			isa = PBXProject;
			attributes = {
				LastSwiftUpdateCheck = 0830;
				LastUpgradeCheck = 0830;
				ORGANIZATIONNAME = jyz;
				TargetAttributes = {
					6E5910E71FE92CB100D3A9FF = {
						CreatedOnToolsVersion = 8.3.3;
						ProvisioningStyle = Automatic;
					};
				};
			};
			buildConfigurationList = 6E5910E31FE92CB100D3A9FF /* Build configuration list for PBXProject "swift02-构造函数" */;
			compatibilityVersion = "Xcode 3.2";
			developmentRegion = English;
			hasScannedForEncodings = 0;
			knownRegions = (
				en,
				Base,
			);
			mainGroup = 6E5910DF1FE92CB100D3A9FF;
			productRefGroup = 6E5910E91FE92CB100D3A9FF /* Products */;
			projectDirPath = "";
			projectRoot = "";
			targets = (
				6E5910E71FE92CB100D3A9FF /* swift02-构造函数 */,
			);
		};
/* End PBXProject section */

/* Begin PBXResourcesBuildPhase section */
		6E5910E61FE92CB100D3A9FF /* Resources */ = {
			isa = PBXResourcesBuildPhase;
			buildActionMask = 2147483647;
			files = (
				6E5910F61FE92CB100D3A9FF /* LaunchScreen.storyboard in Resources */,
				6E5910F31FE92CB100D3A9FF /* Assets.xcassets in Resources */,
				6E5910F11FE92CB100D3A9FF /* Main.storyboard in Resources */,
			);
			runOnlyForDeploymentPostprocessing = 0;
		};
/* End PBXResourcesBuildPhase section */

/* Begin PBXSourcesBuildPhase section */
		6E5910E41FE92CB100D3A9FF /* Sources */ = {
			isa = PBXSourcesBuildPhase;
			buildActionMask = 2147483647;
			files = (
				6E5910FE1FE92E1500D3A9FF /* Person.swift in Sources */,
				6E5910EE1FE92CB100D3A9FF /* ViewController.swift in Sources */,
				6E5910EC1FE92CB100D3A9FF /* AppDelegate.swift in Sources */,
			);
			runOnlyForDeploymentPostprocessing = 0;
		};
/* End PBXSourcesBuildPhase section */

/* Begin PBXVariantGroup section */
		6E5910EF1FE92CB100D3A9FF /* Main.storyboard */ = {
			isa = PBXVariantGroup;
			children = (
				6E5910F01FE92CB100D3A9FF /* Base */,
			);
			name = Main.storyboard;
			sourceTree = "<group>";
		};
		6E5910F41FE92CB100D3A9FF /* LaunchScreen.storyboard */ = {
			isa = PBXVariantGroup;
			children = (
				6E5910F51FE92CB100D3A9FF /* Base */,
			);
			name = LaunchScreen.storyboard;
			sourceTree = "<group>";
		};
/* End PBXVariantGroup section */

/* Begin XCBuildConfiguration section */
		6E5910F81FE92CB100D3A9FF /* Debug */ = {
			isa = XCBuildConfiguration;
			buildSettings = {
				ALWAYS_SEARCH_USER_PATHS = NO;
				CLANG_ANALYZER_NONNULL = YES;
				CLANG_ANALYZER_NUMBER_OBJECT_CONVERSION = YES_AGGRESSIVE;
				CLANG_CXX_LANGUAGE_STANDARD = "gnu++0x";
				CLANG_CXX_LIBRARY = "libc++";
				CLANG_ENABLE_MODULES = YES;
				CLANG_ENABLE_OBJC_ARC = YES;
				CLANG_WARN_BOOL_CONVERSION = YES;
				CLANG_WARN_CONSTANT_CONVERSION = YES;
				CLANG_WARN_DIRECT_OBJC_ISA_USAGE = YES_ERROR;
				CLANG_WARN_DOCUMENTATION_COMMENTS = YES;
				CLANG_WARN_EMPTY_BODY = YES;
				CLANG_WARN_ENUM_CONVERSION = YES;
				CLANG_WARN_INFINITE_RECURSION = YES;
				CLANG_WARN_INT_CONVERSION = YES;
				CLANG_WARN_OBJC_ROOT_CLASS = YES_ERROR;
				CLANG_WARN_SUSPICIOUS_MOVE = YES;
				CLANG_WARN_UNREACHABLE_CODE = YES;
				CLANG_WARN__DUPLICATE_METHOD_MATCH = YES;
				"CODE_SIGN_IDENTITY[sdk=iphoneos*]" = "iPhone Developer";
				COPY_PHASE_STRIP = NO;
				DEBUG_INFORMATION_FORMAT = dwarf;
				ENABLE_STRICT_OBJC_MSGSEND = YES;
				ENABLE_TESTABILITY = YES;
				GCC_C_LANGUAGE_STANDARD = gnu99;
				GCC_DYNAMIC_NO_PIC = NO;
				GCC_NO_COMMON_BLOCKS = YES;
				GCC_OPTIMIZATION_LEVEL = 0;
				GCC_PREPROCESSOR_DEFINITIONS = (
					"DEBUG=1",
					"$(inherited)",
				);
				GCC_WARN_64_TO_32_BIT_CONVERSION = YES;
				GCC_WARN_ABOUT_RETURN_TYPE = YES_ERROR;
				GCC_WARN_UNDECLARED_SELECTOR = YES;
				GCC_WARN_UNINITIALIZED_AUTOS = YES_AGGRESSIVE;
				GCC_WARN_UNUSED_FUNCTION = YES;
				GCC_WARN_UNUSED_VARIABLE = YES;
				IPHONEOS_DEPLOYMENT_TARGET = 10.3;
				MTL_ENABLE_DEBUG_INFO = YES;
				ONLY_ACTIVE_ARCH = YES;
				SDKROOT = iphoneos;
				SWIFT_ACTIVE_COMPILATION_CONDITIONS = DEBUG;
				SWIFT_OPTIMIZATION_LEVEL = "-Onone";
			};
			name = Debug;
		};
		6E5910F91FE92CB100D3A9FF /* Release */ = {
			isa = XCBuildConfiguration;
			buildSettings = {
				ALWAYS_SEARCH_USER_PATHS = NO;
				CLANG_ANALYZER_NONNULL = YES;
				CLANG_ANALYZER_NUMBER_OBJECT_CONVERSION = YES_AGGRESSIVE;
				CLANG_CXX_LANGUAGE_STANDARD = "gnu++0x";
				CLANG_CXX_LIBRARY = "libc++";
				CLANG_ENABLE_MODULES = YES;
				CLANG_ENABLE_OBJC_ARC = YES;
				CLANG_WARN_BOOL_CONVERSION = YES;
				CLANG_WARN_CONSTANT_CONVERSION = YES;
				CLANG_WARN_DIRECT_OBJC_ISA_USAGE = YES_ERROR;
				CLANG_WARN_DOCUMENTATION_COMMENTS = YES;
				CLANG_WARN_EMPTY_BODY = YES;
				CLANG_WARN_ENUM_CONVERSION = YES;
				CLANG_WARN_INFINITE_RECURSION = YES;
				CLANG_WARN_INT_CONVERSION = YES;
				CLANG_WARN_OBJC_ROOT_CLASS = YES_ERROR;
				CLANG_WARN_SUSPICIOUS_MOVE = YES;
				CLANG_WARN_UNREACHABLE_CODE = YES;
				CLANG_WARN__DUPLICATE_METHOD_MATCH = YES;
				"CODE_SIGN_IDENTITY[sdk=iphoneos*]" = "iPhone Developer";
				COPY_PHASE_STRIP = NO;
				DEBUG_INFORMATION_FORMAT = "dwarf-with-dsym";
				ENABLE_NS_ASSERTIONS = NO;
				ENABLE_STRICT_OBJC_MSGSEND = YES;
				GCC_C_LANGUAGE_STANDARD = gnu99;
				GCC_NO_COMMON_BLOCKS = YES;
				GCC_WARN_64_TO_32_BIT_CONVERSION = YES;
				GCC_WARN_ABOUT_RETURN_TYPE = YES_ERROR;
				GCC_WARN_UNDECLARED_SELECTOR = YES;
				GCC_WARN_UNINITIALIZED_AUTOS = YES_AGGRESSIVE;
				GCC_WARN_UNUSED_FUNCTION = YES;
				GCC_WARN_UNUSED_VARIABLE = YES;
				IPHONEOS_DEPLOYMENT_TARGET = 10.3;
				MTL_ENABLE_DEBUG_INFO = NO;
				SDKROOT = iphoneos;
				SWIFT_OPTIMIZATION_LEVEL = "-Owholemodule";
				VALIDATE_PRODUCT = YES;
			};
			name = Release;
		};
		6E5910FB1FE92CB100D3A9FF /* Debug */ = {
			isa = XCBuildConfiguration;
			buildSettings = {
				ASSETCATALOG_COMPILER_APPICON_NAME = AppIcon;
				INFOPLIST_FILE = "swift02-构造函数/Info.plist";
				LD_RUNPATH_SEARCH_PATHS = "$(inherited) @executable_path/Frameworks";
				PRODUCT_BUNDLE_IDENTIFIER = "asd.swift02-----";
				PRODUCT_NAME = "$(TARGET_NAME)";
				SWIFT_VERSION = 3.0;
			};
			name = Debug;
		};
		6E5910FC1FE92CB100D3A9FF /* Release */ = {
			isa = XCBuildConfiguration;
			buildSettings = {
				ASSETCATALOG_COMPILER_APPICON_NAME = AppIcon;
				INFOPLIST_FILE = "swift02-构造函数/Info.plist";
				LD_RUNPATH_SEARCH_PATHS = "$(inherited) @executable_path/Frameworks";
				PRODUCT_BUNDLE_IDENTIFIER = "asd.swift02-----";
				PRODUCT_NAME = "$(TARGET_NAME)";
				SWIFT_VERSION = 3.0;
			};
			name = Release;
		};
/* End XCBuildConfiguration section */

/* Begin XCConfigurationList section */
		6E5910E31FE92CB100D3A9FF /* Build configuration list for PBXProject "swift02-构造函数" */ = {
			isa = XCConfigurationList;
			buildConfigurations = (
				6E5910F81FE92CB100D3A9FF /* Debug */,
				6E5910F91FE92CB100D3A9FF /* Release */,
			);
			defaultConfigurationIsVisible = 0;
			defaultConfigurationName = Release;
		};
		6E5910FA1FE92CB100D3A9FF /* Build configuration list for PBXNativeTarget "swift02-构造函数" */ = {
			isa = XCConfigurationList;
			buildConfigurations = (
				6E5910FB1FE92CB100D3A9FF /* Debug */,
				6E5910FC1FE92CB100D3A9FF /* Release */,
			);
			defaultConfigurationIsVisible = 0;
		};
/* End XCConfigurationList section */
	};
	rootObject = 6E5910E01FE92CB100D3A9FF /* Project object */;
}
