// !$*UTF8*$!
{
	archiveVersion = 1;
	classes = {
	};
	objectVersion = 46;
	objects = {

/* Begin PBXBuildFile section */
		6ED8AB2C1FE2AAE400100CED /* AppDelegate.swift in Sources */ = {isa = PBXBuildFile; fileRef = 6ED8AB2B1FE2AAE400100CED /* AppDelegate.swift */; };
		6ED8AB2E1FE2AAE400100CED /* ViewController.swift in Sources */ = {isa = PBXBuildFile; fileRef = 6ED8AB2D1FE2AAE400100CED /* ViewController.swift */; };
		6ED8AB311FE2AAE400100CED /* Main.storyboard in Resources */ = {isa = PBXBuildFile; fileRef = 6ED8AB2F1FE2AAE400100CED /* Main.storyboard */; };
		6ED8AB331FE2AAE400100CED /* Assets.xcassets in Resources */ = {isa = PBXBuildFile; fileRef = 6ED8AB321FE2AAE400100CED /* Assets.xcassets */; };
		6ED8AB361FE2AAE400100CED /* LaunchScreen.storyboard in Resources */ = {isa = PBXBuildFile; fileRef = 6ED8AB341FE2AAE400100CED /* LaunchScreen.storyboard */; };
/* End PBXBuildFile section */

/* Begin PBXFileReference section */
		6ED8AB281FE2AAE400100CED /* swift02-Closure（闭包）.app */ = {isa = PBXFileReference; explicitFileType = wrapper.application; includeInIndex = 0; path = "swift02-Closure（闭包）.app"; sourceTree = BUILT_PRODUCTS_DIR; };
		6ED8AB2B1FE2AAE400100CED /* AppDelegate.swift */ = {isa = PBXFileReference; lastKnownFileType = sourcecode.swift; path = AppDelegate.swift; sourceTree = "<group>"; };
		6ED8AB2D1FE2AAE400100CED /* ViewController.swift */ = {isa = PBXFileReference; lastKnownFileType = sourcecode.swift; path = ViewController.swift; sourceTree = "<group>"; };
		6ED8AB301FE2AAE400100CED /* Base */ = {isa = PBXFileReference; lastKnownFileType = file.storyboard; name = Base; path = Base.lproj/Main.storyboard; sourceTree = "<group>"; };
		6ED8AB321FE2AAE400100CED /* Assets.xcassets */ = {isa = PBXFileReference; lastKnownFileType = folder.assetcatalog; path = Assets.xcassets; sourceTree = "<group>"; };
		6ED8AB351FE2AAE400100CED /* Base */ = {isa = PBXFileReference; lastKnownFileType = file.storyboard; name = Base; path = Base.lproj/LaunchScreen.storyboard; sourceTree = "<group>"; };
		6ED8AB371FE2AAE400100CED /* Info.plist */ = {isa = PBXFileReference; lastKnownFileType = text.plist.xml; path = Info.plist; sourceTree = "<group>"; };
/* End PBXFileReference section */

/* Begin PBXFrameworksBuildPhase section */
		6ED8AB251FE2AAE400100CED /* Frameworks */ = {
			isa = PBXFrameworksBuildPhase;
			buildActionMask = 2147483647;
			files = (
			);
			runOnlyForDeploymentPostprocessing = 0;
		};
/* End PBXFrameworksBuildPhase section */

/* Begin PBXGroup section */
		6ED8AB1F1FE2AAE400100CED = {
			isa = PBXGroup;
			children = (
				6ED8AB2A1FE2AAE400100CED /* swift02-Closure（闭包） */,
				6ED8AB291FE2AAE400100CED /* Products */,
			);
			sourceTree = "<group>";
		};
		6ED8AB291FE2AAE400100CED /* Products */ = {
			isa = PBXGroup;
			children = (
				6ED8AB281FE2AAE400100CED /* swift02-Closure（闭包）.app */,
			);
			name = Products;
			sourceTree = "<group>";
		};
		6ED8AB2A1FE2AAE400100CED /* swift02-Closure（闭包） */ = {
			isa = PBXGroup;
			children = (
				6ED8AB2B1FE2AAE400100CED /* AppDelegate.swift */,
				6ED8AB2D1FE2AAE400100CED /* ViewController.swift */,
				6ED8AB2F1FE2AAE400100CED /* Main.storyboard */,
				6ED8AB321FE2AAE400100CED /* Assets.xcassets */,
				6ED8AB341FE2AAE400100CED /* LaunchScreen.storyboard */,
				6ED8AB371FE2AAE400100CED /* Info.plist */,
			);
			path = "swift02-Closure（闭包）";
			sourceTree = "<group>";
		};
/* End PBXGroup section */

/* Begin PBXNativeTarget section */
		6ED8AB271FE2AAE400100CED /* swift02-Closure（闭包） */ = {
			isa = PBXNativeTarget;
			buildConfigurationList = 6ED8AB3A1FE2AAE400100CED /* Build configuration list for PBXNativeTarget "swift02-Closure（闭包）" */;
			buildPhases = (
				6ED8AB241FE2AAE400100CED /* Sources */,
				6ED8AB251FE2AAE400100CED /* Frameworks */,
				6ED8AB261FE2AAE400100CED /* Resources */,
			);
			buildRules = (
			);
			dependencies = (
			);
			name = "swift02-Closure（闭包）";
			productName = "swift02-Closure（闭包）";
			productReference = 6ED8AB281FE2AAE400100CED /* swift02-Closure（闭包）.app */;
			productType = "com.apple.product-type.application";
		};
/* End PBXNativeTarget section */

/* Begin PBXProject section */
		6ED8AB201FE2AAE400100CED /* Project object */ = {
			isa = PBXProject;
			attributes = {
				LastSwiftUpdateCheck = 0830;
				LastUpgradeCheck = 0830;
				ORGANIZATIONNAME = jyz;
				TargetAttributes = {
					6ED8AB271FE2AAE400100CED = {
						CreatedOnToolsVersion = 8.3.3;
						ProvisioningStyle = Automatic;
					};
				};
			};
			buildConfigurationList = 6ED8AB231FE2AAE400100CED /* Build configuration list for PBXProject "swift02-Closure（闭包）" */;
			compatibilityVersion = "Xcode 3.2";
			developmentRegion = English;
			hasScannedForEncodings = 0;
			knownRegions = (
				en,
				Base,
			);
			mainGroup = 6ED8AB1F1FE2AAE400100CED;
			productRefGroup = 6ED8AB291FE2AAE400100CED /* Products */;
			projectDirPath = "";
			projectRoot = "";
			targets = (
				6ED8AB271FE2AAE400100CED /* swift02-Closure（闭包） */,
			);
		};
/* End PBXProject section */

/* Begin PBXResourcesBuildPhase section */
		6ED8AB261FE2AAE400100CED /* Resources */ = {
			isa = PBXResourcesBuildPhase;
			buildActionMask = 2147483647;
			files = (
				6ED8AB361FE2AAE400100CED /* LaunchScreen.storyboard in Resources */,
				6ED8AB331FE2AAE400100CED /* Assets.xcassets in Resources */,
				6ED8AB311FE2AAE400100CED /* Main.storyboard in Resources */,
			);
			runOnlyForDeploymentPostprocessing = 0;
		};
/* End PBXResourcesBuildPhase section */

/* Begin PBXSourcesBuildPhase section */
		6ED8AB241FE2AAE400100CED /* Sources */ = {
			isa = PBXSourcesBuildPhase;
			buildActionMask = 2147483647;
			files = (
				6ED8AB2E1FE2AAE400100CED /* ViewController.swift in Sources */,
				6ED8AB2C1FE2AAE400100CED /* AppDelegate.swift in Sources */,
			);
			runOnlyForDeploymentPostprocessing = 0;
		};
/* End PBXSourcesBuildPhase section */

/* Begin PBXVariantGroup section */
		6ED8AB2F1FE2AAE400100CED /* Main.storyboard */ = {
			isa = PBXVariantGroup;
			children = (
				6ED8AB301FE2AAE400100CED /* Base */,
			);
			name = Main.storyboard;
			sourceTree = "<group>";
		};
		6ED8AB341FE2AAE400100CED /* LaunchScreen.storyboard */ = {
			isa = PBXVariantGroup;
			children = (
				6ED8AB351FE2AAE400100CED /* Base */,
			);
			name = LaunchScreen.storyboard;
			sourceTree = "<group>";
		};
/* End PBXVariantGroup section */

/* Begin XCBuildConfiguration section */
		6ED8AB381FE2AAE400100CED /* Debug */ = {
			isa = XCBuildConfiguration;
			buildSettings = {
				ALWAYS_SEARCH_USER_PATHS = NO;
				CLANG_ANALYZER_NONNULL = YES;
				CLANG_ANALYZER_NUMBER_OBJECT_CONVERSION = YES_AGGRESSIVE;
				CLANG_CXX_LANGUAGE_STANDARD = "gnu++0x";
				CLANG_CXX_LIBRARY = "libc++";
				CLANG_ENABLE_MODULES = YES;
				CLANG_ENABLE_OBJC_ARC = YES;
				CLANG_WARN_BOOL_CONVERSION = YES;
				CLANG_WARN_CONSTANT_CONVERSION = YES;
				CLANG_WARN_DIRECT_OBJC_ISA_USAGE = YES_ERROR;
				CLANG_WARN_DOCUMENTATION_COMMENTS = YES;
				CLANG_WARN_EMPTY_BODY = YES;
				CLANG_WARN_ENUM_CONVERSION = YES;
				CLANG_WARN_INFINITE_RECURSION = YES;
				CLANG_WARN_INT_CONVERSION = YES;
				CLANG_WARN_OBJC_ROOT_CLASS = YES_ERROR;
				CLANG_WARN_SUSPICIOUS_MOVE = YES;
				CLANG_WARN_UNREACHABLE_CODE = YES;
				CLANG_WARN__DUPLICATE_METHOD_MATCH = YES;
				"CODE_SIGN_IDENTITY[sdk=iphoneos*]" = "iPhone Developer";
				COPY_PHASE_STRIP = NO;
				DEBUG_INFORMATION_FORMAT = dwarf;
				ENABLE_STRICT_OBJC_MSGSEND = YES;
				ENABLE_TESTABILITY = YES;
				GCC_C_LANGUAGE_STANDARD = gnu99;
				GCC_DYNAMIC_NO_PIC = NO;
				GCC_NO_COMMON_BLOCKS = YES;
				GCC_OPTIMIZATION_LEVEL = 0;
				GCC_PREPROCESSOR_DEFINITIONS = (
					"DEBUG=1",
					"$(inherited)",
				);
				GCC_WARN_64_TO_32_BIT_CONVERSION = YES;
				GCC_WARN_ABOUT_RETURN_TYPE = YES_ERROR;
				GCC_WARN_UNDECLARED_SELECTOR = YES;
				GCC_WARN_UNINITIALIZED_AUTOS = YES_AGGRESSIVE;
				GCC_WARN_UNUSED_FUNCTION = YES;
				GCC_WARN_UNUSED_VARIABLE = YES;
				IPHONEOS_DEPLOYMENT_TARGET = 10.3;
				MTL_ENABLE_DEBUG_INFO = YES;
				ONLY_ACTIVE_ARCH = YES;
				SDKROOT = iphoneos;
				SWIFT_ACTIVE_COMPILATION_CONDITIONS = DEBUG;
				SWIFT_OPTIMIZATION_LEVEL = "-Onone";
			};
			name = Debug;
		};
		6ED8AB391FE2AAE400100CED /* Release */ = {
			isa = XCBuildConfiguration;
			buildSettings = {
				ALWAYS_SEARCH_USER_PATHS = NO;
				CLANG_ANALYZER_NONNULL = YES;
				CLANG_ANALYZER_NUMBER_OBJECT_CONVERSION = YES_AGGRESSIVE;
				CLANG_CXX_LANGUAGE_STANDARD = "gnu++0x";
				CLANG_CXX_LIBRARY = "libc++";
				CLANG_ENABLE_MODULES = YES;
				CLANG_ENABLE_OBJC_ARC = YES;
				CLANG_WARN_BOOL_CONVERSION = YES;
				CLANG_WARN_CONSTANT_CONVERSION = YES;
				CLANG_WARN_DIRECT_OBJC_ISA_USAGE = YES_ERROR;
				CLANG_WARN_DOCUMENTATION_COMMENTS = YES;
				CLANG_WARN_EMPTY_BODY = YES;
				CLANG_WARN_ENUM_CONVERSION = YES;
				CLANG_WARN_INFINITE_RECURSION = YES;
				CLANG_WARN_INT_CONVERSION = YES;
				CLANG_WARN_OBJC_ROOT_CLASS = YES_ERROR;
				CLANG_WARN_SUSPICIOUS_MOVE = YES;
				CLANG_WARN_UNREACHABLE_CODE = YES;
				CLANG_WARN__DUPLICATE_METHOD_MATCH = YES;
				"CODE_SIGN_IDENTITY[sdk=iphoneos*]" = "iPhone Developer";
				COPY_PHASE_STRIP = NO;
				DEBUG_INFORMATION_FORMAT = "dwarf-with-dsym";
				ENABLE_NS_ASSERTIONS = NO;
				ENABLE_STRICT_OBJC_MSGSEND = YES;
				GCC_C_LANGUAGE_STANDARD = gnu99;
				GCC_NO_COMMON_BLOCKS = YES;
				GCC_WARN_64_TO_32_BIT_CONVERSION = YES;
				GCC_WARN_ABOUT_RETURN_TYPE = YES_ERROR;
				GCC_WARN_UNDECLARED_SELECTOR = YES;
				GCC_WARN_UNINITIALIZED_AUTOS = YES_AGGRESSIVE;
				GCC_WARN_UNUSED_FUNCTION = YES;
				GCC_WARN_UNUSED_VARIABLE = YES;
				IPHONEOS_DEPLOYMENT_TARGET = 10.3;
				MTL_ENABLE_DEBUG_INFO = NO;
				SDKROOT = iphoneos;
				SWIFT_OPTIMIZATION_LEVEL = "-Owholemodule";
				VALIDATE_PRODUCT = YES;
			};
			name = Release;
		};
		6ED8AB3B1FE2AAE400100CED /* Debug */ = {
			isa = XCBuildConfiguration;
			buildSettings = {
				ASSETCATALOG_COMPILER_APPICON_NAME = AppIcon;
				INFOPLIST_FILE = "swift02-Closure（闭包）/Info.plist";
				LD_RUNPATH_SEARCH_PATHS = "$(inherited) @executable_path/Frameworks";
				PRODUCT_BUNDLE_IDENTIFIER = "asd.swift02-Closure----";
				PRODUCT_NAME = "$(TARGET_NAME)";
				SWIFT_VERSION = 3.0;
			};
			name = Debug;
		};
		6ED8AB3C1FE2AAE400100CED /* Release */ = {
			isa = XCBuildConfiguration;
			buildSettings = {
				ASSETCATALOG_COMPILER_APPICON_NAME = AppIcon;
				INFOPLIST_FILE = "swift02-Closure（闭包）/Info.plist";
				LD_RUNPATH_SEARCH_PATHS = "$(inherited) @executable_path/Frameworks";
				PRODUCT_BUNDLE_IDENTIFIER = "asd.swift02-Closure----";
				PRODUCT_NAME = "$(TARGET_NAME)";
				SWIFT_VERSION = 3.0;
			};
			name = Release;
		};
/* End XCBuildConfiguration section */

/* Begin XCConfigurationList section */
		6ED8AB231FE2AAE400100CED /* Build configuration list for PBXProject "swift02-Closure（闭包）" */ = {
			isa = XCConfigurationList;
			buildConfigurations = (
				6ED8AB381FE2AAE400100CED /* Debug */,
				6ED8AB391FE2AAE400100CED /* Release */,
			);
			defaultConfigurationIsVisible = 0;
			defaultConfigurationName = Release;
		};
		6ED8AB3A1FE2AAE400100CED /* Build configuration list for PBXNativeTarget "swift02-Closure（闭包）" */ = {
			isa = XCConfigurationList;
			buildConfigurations = (
				6ED8AB3B1FE2AAE400100CED /* Debug */,
				6ED8AB3C1FE2AAE400100CED /* Release */,
			);
			defaultConfigurationIsVisible = 0;
		};
/* End XCConfigurationList section */
	};
	rootObject = 6ED8AB201FE2AAE400100CED /* Project object */;
}
